// !$*UTF8*$!
{
	archiveVersion = 1;
	classes = {
	};
	objectVersion = 46;
	objects = {

/* Begin PBXBuildFile section */
		8E8EB1661C53A4DD00302A09 /* AppDelegate.swift in Sources */ = {isa = PBXBuildFile; fileRef = 8E8EB1651C53A4DD00302A09 /* AppDelegate.swift */; };
		8E8EB1681C53A4DD00302A09 /* ViewController.swift in Sources */ = {isa = PBXBuildFile; fileRef = 8E8EB1671C53A4DD00302A09 /* ViewController.swift */; };
		8E8EB16B1C53A4DD00302A09 /* Main.storyboard in Resources */ = {isa = PBXBuildFile; fileRef = 8E8EB1691C53A4DD00302A09 /* Main.storyboard */; };
		8E8EB16D1C53A4DD00302A09 /* Assets.xcassets in Resources */ = {isa = PBXBuildFile; fileRef = 8E8EB16C1C53A4DD00302A09 /* Assets.xcassets */; };
		8E8EB1701C53A4DD00302A09 /* LaunchScreen.storyboard in Resources */ = {isa = PBXBuildFile; fileRef = 8E8EB16E1C53A4DD00302A09 /* LaunchScreen.storyboard */; };
		8E8EB17B1C53A4DD00302A09 /* StrangeProjectTests.swift in Sources */ = {isa = PBXBuildFile; fileRef = 8E8EB17A1C53A4DD00302A09 /* StrangeProjectTests.swift */; };
/* End PBXBuildFile section */

/* Begin PBXContainerItemProxy section */
		8E8EB1771C53A4DD00302A09 /* PBXContainerItemProxy */ = {
			isa = PBXContainerItemProxy;
			containerPortal = 8E8EB15A1C53A4DD00302A09 /* Project object */;
			proxyType = 1;
			remoteGlobalIDString = 8E8EB1611C53A4DD00302A09;
			remoteInfo = StrangeProject;
		};
/* End PBXContainerItemProxy section */

/* Begin PBXFileReference section */
		8E8EB1621C53A4DD00302A09 /* StrangeProject.app */ = {isa = PBXFileReference; explicitFileType = wrapper.application; includeInIndex = 0; path = StrangeProject.app; sourceTree = BUILT_PRODUCTS_DIR; };
		8E8EB1651C53A4DD00302A09 /* AppDelegate.swift */ = {isa = PBXFileReference; lastKnownFileType = sourcecode.swift; path = AppDelegate.swift; sourceTree = "<group>"; };
		8E8EB1671C53A4DD00302A09 /* ViewController.swift */ = {isa = PBXFileReference; lastKnownFileType = sourcecode.swift; path = ViewController.swift; sourceTree = "<group>"; };
		8E8EB16A1C53A4DD00302A09 /* Base */ = {isa = PBXFileReference; lastKnownFileType = file.storyboard; name = Base; path = Base.lproj/Main.storyboard; sourceTree = "<group>"; };
		8E8EB16C1C53A4DD00302A09 /* Assets.xcassets */ = {isa = PBXFileReference; lastKnownFileType = folder.assetcatalog; path = Assets.xcassets; sourceTree = "<group>"; };
		8E8EB16F1C53A4DD00302A09 /* Base */ = {isa = PBXFileReference; lastKnownFileType = file.storyboard; name = Base; path = Base.lproj/LaunchScreen.storyboard; sourceTree = "<group>"; };
		8E8EB1711C53A4DD00302A09 /* Info.plist */ = {isa = PBXFileReference; lastKnownFileType = text.plist.xml; path = Info.plist; sourceTree = "<group>"; };
		8E8EB1761C53A4DD00302A09 /* StrangeProjectTests.xctest */ = {isa = PBXFileReference; explicitFileType = wrapper.cfbundle; includeInIndex = 0; path = StrangeProjectTests.xctest; sourceTree = BUILT_PRODUCTS_DIR; };
		8E8EB17A1C53A4DD00302A09 /* StrangeProjectTests.swift */ = {isa = PBXFileReference; lastKnownFileType = sourcecode.swift; path = StrangeProjectTests.swift; sourceTree = "<group>"; };
		8E8EB17C1C53A4DD00302A09 /* Info.plist */ = {isa = PBXFileReference; lastKnownFileType = text.plist.xml; path = Info.plist; sourceTree = "<group>"; };
/* End PBXFileReference section */

/* Begin PBXFrameworksBuildPhase section */
		8E8EB15F1C53A4DD00302A09 /* Frameworks */ = {
			isa = PBXFrameworksBuildPhase;
			buildActionMask = 2147483647;
			files = (
			);
			runOnlyForDeploymentPostprocessing = 0;
		};
		8E8EB1731C53A4DD00302A09 /* Frameworks */ = {
			isa = PBXFrameworksBuildPhase;
			buildActionMask = 2147483647;
			files = (
			);
			runOnlyForDeploymentPostprocessing = 0;
		};
/* End PBXFrameworksBuildPhase section */

/* Begin PBXGroup section */
		8E8EB1591C53A4DD00302A09 = {
			isa = PBXGroup;
			children = (
				8E8EB1641C53A4DD00302A09 /* StrangeProject */,
				8E8EB1791C53A4DD00302A09 /* StrangeProjectTests */,
				8E8EB1631C53A4DD00302A09 /* Products */,
			);
			sourceTree = "<group>";
		};
		8E8EB1631C53A4DD00302A09 /* Products */ = {
			isa = PBXGroup;
			children = (
				8E8EB1621C53A4DD00302A09 /* StrangeProject.app */,
				8E8EB1761C53A4DD00302A09 /* StrangeProjectTests.xctest */,
			);
			name = Products;
			sourceTree = "<group>";
		};
		8E8EB1641C53A4DD00302A09 /* StrangeProject */ = {
			isa = PBXGroup;
			children = (
				8E8EB1651C53A4DD00302A09 /* AppDelegate.swift */,
				8E8EB1671C53A4DD00302A09 /* ViewController.swift */,
				8E8EB1691C53A4DD00302A09 /* Main.storyboard */,
				8E8EB16C1C53A4DD00302A09 /* Assets.xcassets */,
				8E8EB16E1C53A4DD00302A09 /* LaunchScreen.storyboard */,
				8E8EB1711C53A4DD00302A09 /* Info.plist */,
			);
			path = StrangeProject;
			sourceTree = "<group>";
		};
		8E8EB1791C53A4DD00302A09 /* StrangeProjectTests */ = {
			isa = PBXGroup;
			children = (
				8E8EB17A1C53A4DD00302A09 /* StrangeProjectTests.swift */,
				8E8EB17C1C53A4DD00302A09 /* Info.plist */,
			);
			path = StrangeProjectTests;
			sourceTree = "<group>";
		};
/* End PBXGroup section */

/* Begin PBXNativeTarget section */
		8E8EB1611C53A4DD00302A09 /* StrangeProject */ = {
			isa = PBXNativeTarget;
			buildConfigurationList = 8E8EB17F1C53A4DD00302A09 /* Build configuration list for PBXNativeTarget "StrangeProject" */;
			buildPhases = (
				8E8EB15E1C53A4DD00302A09 /* Sources */,
				8E8EB15F1C53A4DD00302A09 /* Frameworks */,
				8E8EB1601C53A4DD00302A09 /* Resources */,
			);
			buildRules = (
			);
			dependencies = (
			);
			name = StrangeProject;
			productName = StrangeProject;
			productReference = 8E8EB1621C53A4DD00302A09 /* StrangeProject.app */;
			productType = "com.apple.product-type.application";
		};
		8E8EB1751C53A4DD00302A09 /* StrangeProjectTests */ = {
			isa = PBXNativeTarget;
			buildConfigurationList = 8E8EB1821C53A4DD00302A09 /* Build configuration list for PBXNativeTarget "StrangeProjectTests" */;
			buildPhases = (
				8E8EB1721C53A4DD00302A09 /* Sources */,
				8E8EB1731C53A4DD00302A09 /* Frameworks */,
				8E8EB1741C53A4DD00302A09 /* Resources */,
			);
			buildRules = (
			);
			dependencies = (
				8E8EB1781C53A4DD00302A09 /* PBXTargetDependency */,
			);
			name = StrangeProjectTests;
			productName = StrangeProjectTests;
			productReference = 8E8EB1761C53A4DD00302A09 /* StrangeProjectTests.xctest */;
			productType = "com.apple.product-type.bundle.unit-test";
		};
/* End PBXNativeTarget section */

/* Begin PBXProject section */
		8E8EB15A1C53A4DD00302A09 /* Project object */ = {
			isa = PBXProject;
			attributes = {
				LastSwiftUpdateCheck = 0720;
				LastUpgradeCheck = 0720;
				ORGANIZATIONNAME = "Kirill Korsakov";
				TargetAttributes = {
					8E8EB1611C53A4DD00302A09 = {
						CreatedOnToolsVersion = 7.2;
					};
					8E8EB1751C53A4DD00302A09 = {
						CreatedOnToolsVersion = 7.2;
						TestTargetID = 8E8EB1611C53A4DD00302A09;
					};
				};
			};
			buildConfigurationList = 8E8EB15D1C53A4DD00302A09 /* Build configuration list for PBXProject "StrangeProject" */;
			compatibilityVersion = "Xcode 3.2";
			developmentRegion = English;
			hasScannedForEncodings = 0;
			knownRegions = (
				en,
				Base,
			);
			mainGroup = 8E8EB1591C53A4DD00302A09;
			productRefGroup = 8E8EB1631C53A4DD00302A09 /* Products */;
			projectDirPath = "";
			projectRoot = "";
			targets = (
				8E8EB1611C53A4DD00302A09 /* StrangeProject */,
				8E8EB1751C53A4DD00302A09 /* StrangeProjectTests */,
			);
		};
/* End PBXProject section */

/* Begin PBXResourcesBuildPhase section */
		8E8EB1601C53A4DD00302A09 /* Resources */ = {
			isa = PBXResourcesBuildPhase;
			buildActionMask = 2147483647;
			files = (
				8E8EB1701C53A4DD00302A09 /* LaunchScreen.storyboard in Resources */,
				8E8EB16D1C53A4DD00302A09 /* Assets.xcassets in Resources */,
				8E8EB16B1C53A4DD00302A09 /* Main.storyboard in Resources */,
			);
			runOnlyForDeploymentPostprocessing = 0;
		};
		8E8EB1741C53A4DD00302A09 /* Resources */ = {
			isa = PBXResourcesBuildPhase;
			buildActionMask = 2147483647;
			files = (
			);
			runOnlyForDeploymentPostprocessing = 0;
		};
/* End PBXResourcesBuildPhase section */

/* Begin PBXSourcesBuildPhase section */
		8E8EB15E1C53A4DD00302A09 /* Sources */ = {
			isa = PBXSourcesBuildPhase;
			buildActionMask = 2147483647;
			files = (
				8E8EB1681C53A4DD00302A09 /* ViewController.swift in Sources */,
				8E8EB1661C53A4DD00302A09 /* AppDelegate.swift in Sources */,
			);
			runOnlyForDeploymentPostprocessing = 0;
		};
		8E8EB1721C53A4DD00302A09 /* Sources */ = {
			isa = PBXSourcesBuildPhase;
			buildActionMask = 2147483647;
			files = (
				8E8EB17B1C53A4DD00302A09 /* StrangeProjectTests.swift in Sources */,
			);
			runOnlyForDeploymentPostprocessing = 0;
		};
/* End PBXSourcesBuildPhase section */

/* Begin PBXTargetDependency section */
		8E8EB1781C53A4DD00302A09 /* PBXTargetDependency */ = {
			isa = PBXTargetDependency;
			target = 8E8EB1611C53A4DD00302A09 /* StrangeProject */;
			targetProxy = 8E8EB1771C53A4DD00302A09 /* PBXContainerItemProxy */;
		};
/* End PBXTargetDependency section */

/* Begin PBXVariantGroup section */
		8E8EB1691C53A4DD00302A09 /* Main.storyboard */ = {
			isa = PBXVariantGroup;
			children = (
				8E8EB16A1C53A4DD00302A09 /* Base */,
			);
			name = Main.storyboard;
			sourceTree = "<group>";
		};
		8E8EB16E1C53A4DD00302A09 /* LaunchScreen.storyboard */ = {
			isa = PBXVariantGroup;
			children = (
				8E8EB16F1C53A4DD00302A09 /* Base */,
			);
			name = LaunchScreen.storyboard;
			sourceTree = "<group>";
		};
/* End PBXVariantGroup section */

/* Begin XCBuildConfiguration section */
		8E8EB17D1C53A4DD00302A09 /* Debug */ = {
			isa = XCBuildConfiguration;
			buildSettings = {
				ALWAYS_SEARCH_USER_PATHS = NO;
				CLANG_CXX_LANGUAGE_STANDARD = "gnu++0x";
				CLANG_CXX_LIBRARY = "libc++";
				CLANG_ENABLE_MODULES = YES;
				CLANG_ENABLE_OBJC_ARC = YES;
				CLANG_WARN_BOOL_CONVERSION = YES;
				CLANG_WARN_CONSTANT_CONVERSION = YES;
				CLANG_WARN_DIRECT_OBJC_ISA_USAGE = YES_ERROR;
				CLANG_WARN_EMPTY_BODY = YES;
				CLANG_WARN_ENUM_CONVERSION = YES;
				CLANG_WARN_INT_CONVERSION = YES;
				CLANG_WARN_OBJC_ROOT_CLASS = YES_ERROR;
				CLANG_WARN_UNREACHABLE_CODE = YES;
				CLANG_WARN__DUPLICATE_METHOD_MATCH = YES;
				"CODE_SIGN_IDENTITY[sdk=iphoneos*]" = "iPhone Developer";
				COPY_PHASE_STRIP = NO;
				DEBUG_INFORMATION_FORMAT = dwarf;
				ENABLE_STRICT_OBJC_MSGSEND = YES;
				ENABLE_TESTABILITY = YES;
				GCC_C_LANGUAGE_STANDARD = gnu99;
				GCC_DYNAMIC_NO_PIC = NO;
				GCC_NO_COMMON_BLOCKS = YES;
				GCC_OPTIMIZATION_LEVEL = 0;
				GCC_PREPROCESSOR_DEFINITIONS = (
					"DEBUG=1",
					"$(inherited)",
				);
				GCC_WARN_64_TO_32_BIT_CONVERSION = YES;
				GCC_WARN_ABOUT_RETURN_TYPE = YES_ERROR;
				GCC_WARN_UNDECLARED_SELECTOR = YES;
				GCC_WARN_UNINITIALIZED_AUTOS = YES_AGGRESSIVE;
				GCC_WARN_UNUSED_FUNCTION = YES;
				GCC_WARN_UNUSED_VARIABLE = YES;
				IPHONEOS_DEPLOYMENT_TARGET = 9.2;
				MTL_ENABLE_DEBUG_INFO = YES;
				ONLY_ACTIVE_ARCH = YES;
				SDKROOT = iphoneos;
				SWIFT_OPTIMIZATION_LEVEL = "-Onone";
				TARGETED_DEVICE_FAMILY = "1,2";
			};
			name = Debug;
		};
		8E8EB17E1C53A4DD00302A09 /* Release */ = {
			isa = XCBuildConfiguration;
			buildSettings = {
				ALWAYS_SEARCH_USER_PATHS = NO;
				CLANG_CXX_LANGUAGE_STANDARD = "gnu++0x";
				CLANG_CXX_LIBRARY = "libc++";
				CLANG_ENABLE_MODULES = YES;
				CLANG_ENABLE_OBJC_ARC = YES;
				CLANG_WARN_BOOL_CONVERSION = YES;
				CLANG_WARN_CONSTANT_CONVERSION = YES;
				CLANG_WARN_DIRECT_OBJC_ISA_USAGE = YES_ERROR;
				CLANG_WARN_EMPTY_BODY = YES;
				CLANG_WARN_ENUM_CONVERSION = YES;
				CLANG_WARN_INT_CONVERSION = YES;
				CLANG_WARN_OBJC_ROOT_CLASS = YES_ERROR;
				CLANG_WARN_UNREACHABLE_CODE = YES;
				CLANG_WARN__DUPLICATE_METHOD_MATCH = YES;
				"CODE_SIGN_IDENTITY[sdk=iphoneos*]" = "iPhone Developer";
				COPY_PHASE_STRIP = NO;
				DEBUG_INFORMATION_FORMAT = "dwarf-with-dsym";
				ENABLE_NS_ASSERTIONS = NO;
				ENABLE_STRICT_OBJC_MSGSEND = YES;
				GCC_C_LANGUAGE_STANDARD = gnu99;
				GCC_NO_COMMON_BLOCKS = YES;
				GCC_WARN_64_TO_32_BIT_CONVERSION = YES;
				GCC_WARN_ABOUT_RETURN_TYPE = YES_ERROR;
				GCC_WARN_UNDECLARED_SELECTOR = YES;
				GCC_WARN_UNINITIALIZED_AUTOS = YES_AGGRESSIVE;
				GCC_WARN_UNUSED_FUNCTION = YES;
				GCC_WARN_UNUSED_VARIABLE = YES;
				IPHONEOS_DEPLOYMENT_TARGET = 9.2;
				MTL_ENABLE_DEBUG_INFO = NO;
				SDKROOT = iphoneos;
				TARGETED_DEVICE_FAMILY = "1,2";
				VALIDATE_PRODUCT = YES;
			};
			name = Release;
		};
		8E8EB1801C53A4DD00302A09 /* Debug */ = {
			isa = XCBuildConfiguration;
			buildSettings = {
				ASSETCATALOG_COMPILER_APPICON_NAME = AppIcon;
				INFOPLIST_FILE = StrangeProject/Info.plist;
				LD_RUNPATH_SEARCH_PATHS = "$(inherited) @executable_path/Frameworks";
				PRODUCT_BUNDLE_IDENTIFIER = com.gearaffo.StrangeProject;
				PRODUCT_NAME = "$(TARGET_NAME)";
			};
			name = Debug;
		};
		8E8EB1811C53A4DD00302A09 /* Release */ = {
			isa = XCBuildConfiguration;
			buildSettings = {
				ASSETCATALOG_COMPILER_APPICON_NAME = AppIcon;
				INFOPLIST_FILE = StrangeProject/Info.plist;
				LD_RUNPATH_SEARCH_PATHS = "$(inherited) @executable_path/Frameworks";
				PRODUCT_BUNDLE_IDENTIFIER = com.gearaffo.StrangeProject;
				PRODUCT_NAME = "$(TARGET_NAME)";
			};
			name = Release;
		};
		8E8EB1831C53A4DD00302A09 /* Debug */ = {
			isa = XCBuildConfiguration;
			buildSettings = {
				BUNDLE_LOADER = "$(TEST_HOST)";
				INFOPLIST_FILE = StrangeProjectTests/Info.plist;
				LD_RUNPATH_SEARCH_PATHS = "$(inherited) @executable_path/Frameworks @loader_path/Frameworks";
				PRODUCT_BUNDLE_IDENTIFIER = com.gearaffo.StrangeProjectTests;
				PRODUCT_NAME = "$(TARGET_NAME)";
				TEST_HOST = "$(BUILT_PRODUCTS_DIR)/StrangeProject.app/StrangeProject";
			};
			name = Debug;
		};
		8E8EB1841C53A4DD00302A09 /* Release */ = {
			isa = XCBuildConfiguration;
			buildSettings = {
				BUNDLE_LOADER = "$(TEST_HOST)";
				INFOPLIST_FILE = StrangeProjectTests/Info.plist;
				LD_RUNPATH_SEARCH_PATHS = "$(inherited) @executable_path/Frameworks @loader_path/Frameworks";
				PRODUCT_BUNDLE_IDENTIFIER = com.gearaffo.StrangeProjectTests;
				PRODUCT_NAME = "$(TARGET_NAME)";
				TEST_HOST = "$(BUILT_PRODUCTS_DIR)/StrangeProject.app/StrangeProject";
			};
			name = Release;
		};
/* End XCBuildConfiguration section */

/* Begin XCConfigurationList section */
		8E8EB15D1C53A4DD00302A09 /* Build configuration list for PBXProject "StrangeProject" */ = {
			isa = XCConfigurationList;
			buildConfigurations = (
				8E8EB17D1C53A4DD00302A09 /* Debug */,
				8E8EB17E1C53A4DD00302A09 /* Release */,
			);
			defaultConfigurationIsVisible = 0;
			defaultConfigurationName = Release;
		};
		8E8EB17F1C53A4DD00302A09 /* Build configuration list for PBXNativeTarget "StrangeProject" */ = {
			isa = XCConfigurationList;
			buildConfigurations = (
				8E8EB1801C53A4DD00302A09 /* Debug */,
				8E8EB1811C53A4DD00302A09 /* Release */,
			);
			defaultConfigurationIsVisible = 0;
		};
		8E8EB1821C53A4DD00302A09 /* Build configuration list for PBXNativeTarget "StrangeProjectTests" */ = {
			isa = XCConfigurationList;
			buildConfigurations = (
				8E8EB1831C53A4DD00302A09 /* Debug */,
				8E8EB1841C53A4DD00302A09 /* Release */,
			);
			defaultConfigurationIsVisible = 0;
		};
/* End XCConfigurationList section */
	};
	rootObject = 8E8EB15A1C53A4DD00302A09 /* Project object */;
}
